
Microsoft Visual Studio Solution File, Format Version 12.00
# Visual Studio Version 17
VisualStudioVersion = 17.10.35027.167
MinimumVisualStudioVersion = 10.0.40219.1
Project("{FAE04EC0-301F-11D3-BF4B-00C04F79EFBC}") = "Primeiro Projeto", "Primeiro Projeto.csproj", "{92092323-72DF-4913-AE5D-CAC926EC40E7}"
EndProject
Global
	GlobalSection(SolutionConfigurationPlatforms) = preSolution
		Debug|Any CPU = Debug|Any CPU
		Release|Any CPU = Release|Any CPU
	EndGlobalSection
	GlobalSection(ProjectConfigurationPlatforms) = postSolution
		{92092323-72DF-4913-AE5D-CAC926EC40E7}.Debug|Any CPU.ActiveCfg = Debug|Any CPU
		{92092323-72DF-4913-AE5D-CAC926EC40E7}.Debug|Any CPU.Build.0 = Debug|Any CPU
		{92092323-72DF-4913-AE5D-CAC926EC40E7}.Release|Any CPU.ActiveCfg = Release|Any CPU
		{92092323-72DF-4913-AE5D-CAC926EC40E7}.Release|Any CPU.Build.0 = Release|Any CPU
	EndGlobalSection
	GlobalSection(SolutionProperties) = preSolution
		HideSolutionNode = FALSE
	EndGlobalSection
	GlobalSection(ExtensibilityGlobals) = postSolution
		SolutionGuid = {599A6079-F7AD-4474-B364-511C54F3551E}
	EndGlobalSection
EndGlobal
